
Microsoft Visual Studio Solution File, Format Version 12.00
# Visual Studio Version 16
VisualStudioVersion = 16.0.31402.337
MinimumVisualStudioVersion = 10.0.40219.1
Project("{FAE04EC0-301F-11D3-BF4B-00C04F79EFBC}") = "PaintServer", "PaintServer\PaintServer.csproj", "{6A041E10-2112-447C-8ED6-CB27D653BD91}"
EndProject
Global
	GlobalSection(SolutionConfigurationPlatforms) = preSolution
		Debug|Any CPU = Debug|Any CPU
		Release|Any CPU = Release|Any CPU
	EndGlobalSection
	GlobalSection(ProjectConfigurationPlatforms) = postSolution
		{6A041E10-2112-447C-8ED6-CB27D653BD91}.Debug|Any CPU.ActiveCfg = Debug|Any CPU
		{6A041E10-2112-447C-8ED6-CB27D653BD91}.Debug|Any CPU.Build.0 = Debug|Any CPU
		{6A041E10-2112-447C-8ED6-CB27D653BD91}.Release|Any CPU.ActiveCfg = Release|Any CPU
		{6A041E10-2112-447C-8ED6-CB27D653BD91}.Release|Any CPU.Build.0 = Release|Any CPU
	EndGlobalSection
	GlobalSection(SolutionProperties) = preSolution
		HideSolutionNode = FALSE
	EndGlobalSection
	GlobalSection(ExtensibilityGlobals) = postSolution
		SolutionGuid = {DFC029D5-54AE-4113-830E-E946F3E48323}
	EndGlobalSection
EndGlobal
